<?xml version="1.0" encoding="utf-8"?>
<Project ToolsVersion="4.0" xmlns="http://schemas.microsoft.com/developer/msbuild/2003">
  <ItemGroup>
    <Filter Include="Source Files">
      <UniqueIdentifier>{4FC737F1-C7A5-4376-A066-2A32D752A2FF}</UniqueIdentifier>
      <Extensions>cpp;c;cc;cxx;def;odl;idl;hpj;bat;asm;asmx</Extensions>
    </Filter>
    <Filter Include="Header Files">
      <UniqueIdentifier>{93995380-89BD-4b04-88EB-625FBE52EBFB}</UniqueIdentifier>
      <Extensions>h;hh;hpp;hxx;hm;inl;inc;ipp;xsd</Extensions>
    </Filter>
    <Filter Include="Resource Files">
      <UniqueIdentifier>{67DA6AB6-F800-4c08-8B7A-83BB121AAD01}</UniqueIdentifier>
      <Extensions>rc;ico;cur;bmp;dlg;rc2;rct;bin;rgs;gif;jpg;jpeg;jpe;resx;tiff;tif;png;wav;mfcribbon-ms</Extensions>
    </Filter>
    <Filter Include="Header Files\Architecture">
      <UniqueIdentifier>{395b086f-889a-44cf-b23f-d9801035a60f}</UniqueIdentifier>
    </Filter>
    <Filter Include="Header Files\Architecture\BehaviorTree">
      <UniqueIdentifier>{3d9cdb89-d4cb-4f0a-9bd5-288a216d0f94}</UniqueIdentifier>
    </Filter>
    <Filter Include="Source Files\Architecture">
      <UniqueIdentifier>{91a21de0-6768-4157-a1e8-ebb9e8220de0}</UniqueIdentifier>
    </Filter>
    <Filter Include="Source Files\Architecture\BehaviorTree">
      <UniqueIdentifier>{fee0654e-3d55-44e1-bafb-9ef6e34f52cf}</UniqueIdentifier>
    </Filter>
  </ItemGroup>
  <ItemGroup>
    <ClInclude Include="stdafx.h">
      <Filter>Header Files</Filter>
    </ClInclude>
    <ClInclude Include="targetver.h">
      <Filter>Header Files</Filter>
    </ClInclude>
    <ClInclude Include="Achitecture\BehaviorTree\BehaviorTree.h">
      <Filter>Header Files\Architecture\BehaviorTree</Filter>
    </ClInclude>
    <ClInclude Include="Achitecture\BehaviorTree\BehaviorTreeSelector.h">
      <Filter>Header Files\Architecture\BehaviorTree</Filter>
    </ClInclude>
    <ClInclude Include="Achitecture\BehaviorTree\BehaviorTreeDescriptor.h">
      <Filter>Header Files\Architecture\BehaviorTree</Filter>
    </ClInclude>
    <ClInclude Include="Achitecture\BehaviorTree\AbstractBehaviorTreeNode.h">
      <Filter>Header Files\Architecture\BehaviorTree</Filter>
    </ClInclude>
    <ClInclude Include="Achitecture\BehaviorTree\BehaviorTreeSequence.h">
      <Filter>Header Files\Architecture\BehaviorTree</Filter>
    </ClInclude>
    <ClInclude Include="Achitecture\BehaviorTree\BehaviorTreeTask.h">
      <Filter>Header Files\Architecture\BehaviorTree</Filter>
    </ClInclude>
  </ItemGroup>
  <ItemGroup>
    <ClCompile Include="stdafx.cpp">
      <Filter>Source Files</Filter>
    </ClCompile>
    <ClCompile Include="Achitecture\BehaviorTree\BehaviorTree.cpp">
      <Filter>Source Files\Architecture\BehaviorTree</Filter>
    </ClCompile>
    <ClCompile Include="Achitecture\BehaviorTree\BehaviorTreeSelector.cpp">
      <Filter>Source Files\Architecture\BehaviorTree</Filter>
    </ClCompile>
    <ClCompile Include="Achitecture\BehaviorTree\BehaviorTreeSequence.cpp">
      <Filter>Source Files\Architecture\BehaviorTree</Filter>
    </ClCompile>
    <ClCompile Include="Achitecture\BehaviorTree\BehaviorTreeDescriptor.cpp">
      <Filter>Source Files\Architecture\BehaviorTree</Filter>
    </ClCompile>
    <ClCompile Include="Achitecture\BehaviorTree\AbstractBehaviorTreeNode.cpp">
      <Filter>Source Files\Architecture\BehaviorTree</Filter>
    </ClCompile>
    <ClCompile Include="Achitecture\BehaviorTree\BehaviorTreeTask.cpp">
      <Filter>Source Files\Architecture\BehaviorTree</Filter>
    </ClCompile>
  </ItemGroup>
</Project>